// !$*UTF8*$!
{
	archiveVersion = 1;
	classes = {
	};
	objectVersion = 50;
	objects = {

/* Begin PBXBuildFile section */
		96F966127484FD6E5A59FDE4 /* Pods_FireBaseDemo.framework in Frameworks */ = {isa = PBXBuildFile; fileRef = 277726C2CA3B217B6C1A1383 /* Pods_FireBaseDemo.framework */; };
		EF17CD7620AF53D50070BE4E /* User.swift in Sources */ = {isa = PBXBuildFile; fileRef = EF17CD7520AF53D50070BE4E /* User.swift */; };
		EF17CD7A20AF54B60070BE4E /* FireDatabase.swift in Sources */ = {isa = PBXBuildFile; fileRef = EF17CD7920AF54B60070BE4E /* FireDatabase.swift */; };
		EFA90FBB20AECF3800FBA83C /* AppDelegate.swift in Sources */ = {isa = PBXBuildFile; fileRef = EFA90FBA20AECF3800FBA83C /* AppDelegate.swift */; };
		EFA90FBD20AECF3800FBA83C /* ViewController.swift in Sources */ = {isa = PBXBuildFile; fileRef = EFA90FBC20AECF3800FBA83C /* ViewController.swift */; };
		EFA90FC020AECF3800FBA83C /* Main.storyboard in Resources */ = {isa = PBXBuildFile; fileRef = EFA90FBE20AECF3800FBA83C /* Main.storyboard */; };
		EFA90FC220AECF3A00FBA83C /* Assets.xcassets in Resources */ = {isa = PBXBuildFile; fileRef = EFA90FC120AECF3A00FBA83C /* Assets.xcassets */; };
		EFA90FC520AECF3A00FBA83C /* LaunchScreen.storyboard in Resources */ = {isa = PBXBuildFile; fileRef = EFA90FC320AECF3A00FBA83C /* LaunchScreen.storyboard */; };
		EFA90FCD20AED08E00FBA83C /* GoogleService-Info.plist in Resources */ = {isa = PBXBuildFile; fileRef = EFA90FCC20AED08E00FBA83C /* GoogleService-Info.plist */; };
/* End PBXBuildFile section */

/* Begin PBXFileReference section */
		277726C2CA3B217B6C1A1383 /* Pods_FireBaseDemo.framework */ = {isa = PBXFileReference; explicitFileType = wrapper.framework; includeInIndex = 0; path = Pods_FireBaseDemo.framework; sourceTree = BUILT_PRODUCTS_DIR; };
		4911447FBFF90F76DE2F32F3 /* Pods-FireBaseDemo.release.xcconfig */ = {isa = PBXFileReference; includeInIndex = 1; lastKnownFileType = text.xcconfig; name = "Pods-FireBaseDemo.release.xcconfig"; path = "Pods/Target Support Files/Pods-FireBaseDemo/Pods-FireBaseDemo.release.xcconfig"; sourceTree = "<group>"; };
		9DBCDE7556F6BB26C2D46E95 /* Pods-FireBaseDemo.debug.xcconfig */ = {isa = PBXFileReference; includeInIndex = 1; lastKnownFileType = text.xcconfig; name = "Pods-FireBaseDemo.debug.xcconfig"; path = "Pods/Target Support Files/Pods-FireBaseDemo/Pods-FireBaseDemo.debug.xcconfig"; sourceTree = "<group>"; };
		EF17CD7520AF53D50070BE4E /* User.swift */ = {isa = PBXFileReference; lastKnownFileType = sourcecode.swift; path = User.swift; sourceTree = "<group>"; };
		EF17CD7920AF54B60070BE4E /* FireDatabase.swift */ = {isa = PBXFileReference; lastKnownFileType = sourcecode.swift; path = FireDatabase.swift; sourceTree = "<group>"; };
		EFA90FB720AECF3800FBA83C /* FireBaseDemo.app */ = {isa = PBXFileReference; explicitFileType = wrapper.application; includeInIndex = 0; path = FireBaseDemo.app; sourceTree = BUILT_PRODUCTS_DIR; };
		EFA90FBA20AECF3800FBA83C /* AppDelegate.swift */ = {isa = PBXFileReference; lastKnownFileType = sourcecode.swift; path = AppDelegate.swift; sourceTree = "<group>"; };
		EFA90FBC20AECF3800FBA83C /* ViewController.swift */ = {isa = PBXFileReference; lastKnownFileType = sourcecode.swift; path = ViewController.swift; sourceTree = "<group>"; };
		EFA90FBF20AECF3800FBA83C /* Base */ = {isa = PBXFileReference; lastKnownFileType = file.storyboard; name = Base; path = Base.lproj/Main.storyboard; sourceTree = "<group>"; };
		EFA90FC120AECF3A00FBA83C /* Assets.xcassets */ = {isa = PBXFileReference; lastKnownFileType = folder.assetcatalog; path = Assets.xcassets; sourceTree = "<group>"; };
		EFA90FC420AECF3A00FBA83C /* Base */ = {isa = PBXFileReference; lastKnownFileType = file.storyboard; name = Base; path = Base.lproj/LaunchScreen.storyboard; sourceTree = "<group>"; };
		EFA90FC620AECF3A00FBA83C /* Info.plist */ = {isa = PBXFileReference; lastKnownFileType = text.plist.xml; path = Info.plist; sourceTree = "<group>"; };
		EFA90FCC20AED08E00FBA83C /* GoogleService-Info.plist */ = {isa = PBXFileReference; fileEncoding = 4; lastKnownFileType = text.plist.xml; path = "GoogleService-Info.plist"; sourceTree = "<group>"; };
/* End PBXFileReference section */

/* Begin PBXFrameworksBuildPhase section */
		EFA90FB420AECF3800FBA83C /* Frameworks */ = {
			isa = PBXFrameworksBuildPhase;
			buildActionMask = 2147483647;
			files = (
				96F966127484FD6E5A59FDE4 /* Pods_FireBaseDemo.framework in Frameworks */,
			);
			runOnlyForDeploymentPostprocessing = 0;
		};
/* End PBXFrameworksBuildPhase section */

/* Begin PBXGroup section */
		30677E9AF4602C084EF2D86A /* Pods */ = {
			isa = PBXGroup;
			children = (
				9DBCDE7556F6BB26C2D46E95 /* Pods-FireBaseDemo.debug.xcconfig */,
				4911447FBFF90F76DE2F32F3 /* Pods-FireBaseDemo.release.xcconfig */,
			);
			name = Pods;
			sourceTree = "<group>";
		};
		981BB7B36C3211D49FDBBDCD /* Frameworks */ = {
			isa = PBXGroup;
			children = (
				277726C2CA3B217B6C1A1383 /* Pods_FireBaseDemo.framework */,
			);
			name = Frameworks;
			sourceTree = "<group>";
		};
		EF17CD7420AF53B00070BE4E /* View Controllers */ = {
			isa = PBXGroup;
			children = (
				EFA90FBC20AECF3800FBA83C /* ViewController.swift */,
			);
			path = "View Controllers";
			sourceTree = "<group>";
		};
		EF17CD7720AF541F0070BE4E /* Model */ = {
			isa = PBXGroup;
			children = (
				EF17CD7520AF53D50070BE4E /* User.swift */,
			);
			path = Model;
			sourceTree = "<group>";
		};
		EF17CD7820AF548E0070BE4E /* FireBase */ = {
			isa = PBXGroup;
			children = (
				EF17CD7920AF54B60070BE4E /* FireDatabase.swift */,
			);
			path = FireBase;
			sourceTree = "<group>";
		};
		EFA90FAE20AECF3800FBA83C = {
			isa = PBXGroup;
			children = (
				EFA90FB920AECF3800FBA83C /* FireBaseDemo */,
				EFA90FB820AECF3800FBA83C /* Products */,
				30677E9AF4602C084EF2D86A /* Pods */,
				981BB7B36C3211D49FDBBDCD /* Frameworks */,
			);
			sourceTree = "<group>";
		};
		EFA90FB820AECF3800FBA83C /* Products */ = {
			isa = PBXGroup;
			children = (
				EFA90FB720AECF3800FBA83C /* FireBaseDemo.app */,
			);
			name = Products;
			sourceTree = "<group>";
		};
		EFA90FB920AECF3800FBA83C /* FireBaseDemo */ = {
			isa = PBXGroup;
			children = (
				EFA90FBA20AECF3800FBA83C /* AppDelegate.swift */,
				EF17CD7720AF541F0070BE4E /* Model */,
				EF17CD7420AF53B00070BE4E /* View Controllers */,
				EF17CD7820AF548E0070BE4E /* FireBase */,
				EFA90FBE20AECF3800FBA83C /* Main.storyboard */,
				EFA90FC120AECF3A00FBA83C /* Assets.xcassets */,
				EFA90FC320AECF3A00FBA83C /* LaunchScreen.storyboard */,
				EFA90FCC20AED08E00FBA83C /* GoogleService-Info.plist */,
				EFA90FC620AECF3A00FBA83C /* Info.plist */,
			);
			path = FireBaseDemo;
			sourceTree = "<group>";
		};
/* End PBXGroup section */

/* Begin PBXNativeTarget section */
		EFA90FB620AECF3800FBA83C /* FireBaseDemo */ = {
			isa = PBXNativeTarget;
			buildConfigurationList = EFA90FC920AECF3A00FBA83C /* Build configuration list for PBXNativeTarget "FireBaseDemo" */;
			buildPhases = (
				4D985113B35AA2E636A9E0E6 /* [CP] Check Pods Manifest.lock */,
				EFA90FB320AECF3800FBA83C /* Sources */,
				EFA90FB420AECF3800FBA83C /* Frameworks */,
				EFA90FB520AECF3800FBA83C /* Resources */,
				C43A57EC965DED243E5A3E2C /* [CP] Embed Pods Frameworks */,
			);
			buildRules = (
			);
			dependencies = (
			);
			name = FireBaseDemo;
			productName = FireBaseDemo;
			productReference = EFA90FB720AECF3800FBA83C /* FireBaseDemo.app */;
			productType = "com.apple.product-type.application";
		};
/* End PBXNativeTarget section */

/* Begin PBXProject section */
		EFA90FAF20AECF3800FBA83C /* Project object */ = {
			isa = PBXProject;
			attributes = {
				LastSwiftUpdateCheck = 0930;
				LastUpgradeCheck = 0930;
				ORGANIZATIONNAME = ITI;
				TargetAttributes = {
					EFA90FB620AECF3800FBA83C = {
						CreatedOnToolsVersion = 9.3;
					};
				};
			};
			buildConfigurationList = EFA90FB220AECF3800FBA83C /* Build configuration list for PBXProject "FireBaseDemo" */;
			compatibilityVersion = "Xcode 9.3";
			developmentRegion = en;
			hasScannedForEncodings = 0;
			knownRegions = (
				en,
				Base,
			);
			mainGroup = EFA90FAE20AECF3800FBA83C;
			productRefGroup = EFA90FB820AECF3800FBA83C /* Products */;
			projectDirPath = "";
			projectRoot = "";
			targets = (
				EFA90FB620AECF3800FBA83C /* FireBaseDemo */,
			);
		};
/* End PBXProject section */

/* Begin PBXResourcesBuildPhase section */
		EFA90FB520AECF3800FBA83C /* Resources */ = {
			isa = PBXResourcesBuildPhase;
			buildActionMask = 2147483647;
			files = (
				EFA90FC520AECF3A00FBA83C /* LaunchScreen.storyboard in Resources */,
				EFA90FCD20AED08E00FBA83C /* GoogleService-Info.plist in Resources */,
				EFA90FC220AECF3A00FBA83C /* Assets.xcassets in Resources */,
				EFA90FC020AECF3800FBA83C /* Main.storyboard in Resources */,
			);
			runOnlyForDeploymentPostprocessing = 0;
		};
/* End PBXResourcesBuildPhase section */

/* Begin PBXShellScriptBuildPhase section */
		4D985113B35AA2E636A9E0E6 /* [CP] Check Pods Manifest.lock */ = {
			isa = PBXShellScriptBuildPhase;
			buildActionMask = 2147483647;
			files = (
			);
			inputPaths = (
				"${PODS_PODFILE_DIR_PATH}/Podfile.lock",
				"${PODS_ROOT}/Manifest.lock",
			);
			name = "[CP] Check Pods Manifest.lock";
			outputPaths = (
				"$(DERIVED_FILE_DIR)/Pods-FireBaseDemo-checkManifestLockResult.txt",
			);
			runOnlyForDeploymentPostprocessing = 0;
			shellPath = /bin/sh;
			shellScript = "diff \"${PODS_PODFILE_DIR_PATH}/Podfile.lock\" \"${PODS_ROOT}/Manifest.lock\" > /dev/null\nif [ $? != 0 ] ; then\n    # print error to STDERR\n    echo \"error: The sandbox is not in sync with the Podfile.lock. Run 'pod install' or update your CocoaPods installation.\" >&2\n    exit 1\nfi\n# This output is used by Xcode 'outputs' to avoid re-running this script phase.\necho \"SUCCESS\" > \"${SCRIPT_OUTPUT_FILE_0}\"\n";
			showEnvVarsInLog = 0;
		};
		C43A57EC965DED243E5A3E2C /* [CP] Embed Pods Frameworks */ = {
			isa = PBXShellScriptBuildPhase;
			buildActionMask = 2147483647;
			files = (
			);
			inputPaths = (
				"${SRCROOT}/Pods/Target Support Files/Pods-FireBaseDemo/Pods-FireBaseDemo-frameworks.sh",
				"${BUILT_PRODUCTS_DIR}/GoogleToolboxForMac/GoogleToolboxForMac.framework",
				"${BUILT_PRODUCTS_DIR}/leveldb-library/leveldb.framework",
				"${BUILT_PRODUCTS_DIR}/nanopb/nanopb.framework",
			);
			name = "[CP] Embed Pods Frameworks";
			outputPaths = (
				"${TARGET_BUILD_DIR}/${FRAMEWORKS_FOLDER_PATH}/GoogleToolboxForMac.framework",
				"${TARGET_BUILD_DIR}/${FRAMEWORKS_FOLDER_PATH}/leveldb.framework",
				"${TARGET_BUILD_DIR}/${FRAMEWORKS_FOLDER_PATH}/nanopb.framework",
			);
			runOnlyForDeploymentPostprocessing = 0;
			shellPath = /bin/sh;
			shellScript = "\"${SRCROOT}/Pods/Target Support Files/Pods-FireBaseDemo/Pods-FireBaseDemo-frameworks.sh\"\n";
			showEnvVarsInLog = 0;
		};
/* End PBXShellScriptBuildPhase section */

/* Begin PBXSourcesBuildPhase section */
		EFA90FB320AECF3800FBA83C /* Sources */ = {
			isa = PBXSourcesBuildPhase;
			buildActionMask = 2147483647;
			files = (
				EF17CD7A20AF54B60070BE4E /* FireDatabase.swift in Sources */,
				EFA90FBD20AECF3800FBA83C /* ViewController.swift in Sources */,
				EF17CD7620AF53D50070BE4E /* User.swift in Sources */,
				EFA90FBB20AECF3800FBA83C /* AppDelegate.swift in Sources */,
			);
			runOnlyForDeploymentPostprocessing = 0;
		};
/* End PBXSourcesBuildPhase section */

/* Begin PBXVariantGroup section */
		EFA90FBE20AECF3800FBA83C /* Main.storyboard */ = {
			isa = PBXVariantGroup;
			children = (
				EFA90FBF20AECF3800FBA83C /* Base */,
			);
			name = Main.storyboard;
			sourceTree = "<group>";
		};
		EFA90FC320AECF3A00FBA83C /* LaunchScreen.storyboard */ = {
			isa = PBXVariantGroup;
			children = (
				EFA90FC420AECF3A00FBA83C /* Base */,
			);
			name = LaunchScreen.storyboard;
			sourceTree = "<group>";
		};
/* End PBXVariantGroup section */

/* Begin XCBuildConfiguration section */
		EFA90FC720AECF3A00FBA83C /* Debug */ = {
			isa = XCBuildConfiguration;
			buildSettings = {
				ALWAYS_SEARCH_USER_PATHS = NO;
				CLANG_ANALYZER_NONNULL = YES;
				CLANG_ANALYZER_NUMBER_OBJECT_CONVERSION = YES_AGGRESSIVE;
				CLANG_CXX_LANGUAGE_STANDARD = "gnu++14";
				CLANG_CXX_LIBRARY = "libc++";
				CLANG_ENABLE_MODULES = YES;
				CLANG_ENABLE_OBJC_ARC = YES;
				CLANG_ENABLE_OBJC_WEAK = YES;
				CLANG_WARN_BLOCK_CAPTURE_AUTORELEASING = YES;
				CLANG_WARN_BOOL_CONVERSION = YES;
				CLANG_WARN_COMMA = YES;
				CLANG_WARN_CONSTANT_CONVERSION = YES;
				CLANG_WARN_DEPRECATED_OBJC_IMPLEMENTATIONS = YES;
				CLANG_WARN_DIRECT_OBJC_ISA_USAGE = YES_ERROR;
				CLANG_WARN_DOCUMENTATION_COMMENTS = YES;
				CLANG_WARN_EMPTY_BODY = YES;
				CLANG_WARN_ENUM_CONVERSION = YES;
				CLANG_WARN_INFINITE_RECURSION = YES;
				CLANG_WARN_INT_CONVERSION = YES;
				CLANG_WARN_NON_LITERAL_NULL_CONVERSION = YES;
				CLANG_WARN_OBJC_IMPLICIT_RETAIN_SELF = YES;
				CLANG_WARN_OBJC_LITERAL_CONVERSION = YES;
				CLANG_WARN_OBJC_ROOT_CLASS = YES_ERROR;
				CLANG_WARN_RANGE_LOOP_ANALYSIS = YES;
				CLANG_WARN_STRICT_PROTOTYPES = YES;
				CLANG_WARN_SUSPICIOUS_MOVE = YES;
				CLANG_WARN_UNGUARDED_AVAILABILITY = YES_AGGRESSIVE;
				CLANG_WARN_UNREACHABLE_CODE = YES;
				CLANG_WARN__DUPLICATE_METHOD_MATCH = YES;
				CODE_SIGN_IDENTITY = "iPhone Developer";
				COPY_PHASE_STRIP = NO;
				DEBUG_INFORMATION_FORMAT = dwarf;
				ENABLE_STRICT_OBJC_MSGSEND = YES;
				ENABLE_TESTABILITY = YES;
				GCC_C_LANGUAGE_STANDARD = gnu11;
				GCC_DYNAMIC_NO_PIC = NO;
				GCC_NO_COMMON_BLOCKS = YES;
				GCC_OPTIMIZATION_LEVEL = 0;
				GCC_PREPROCESSOR_DEFINITIONS = (
					"DEBUG=1",
					"$(inherited)",
				);
				GCC_WARN_64_TO_32_BIT_CONVERSION = YES;
				GCC_WARN_ABOUT_RETURN_TYPE = YES_ERROR;
				GCC_WARN_UNDECLARED_SELECTOR = YES;
				GCC_WARN_UNINITIALIZED_AUTOS = YES_AGGRESSIVE;
				GCC_WARN_UNUSED_FUNCTION = YES;
				GCC_WARN_UNUSED_VARIABLE = YES;
				IPHONEOS_DEPLOYMENT_TARGET = 11.3;
				MTL_ENABLE_DEBUG_INFO = YES;
				ONLY_ACTIVE_ARCH = YES;
				SDKROOT = iphoneos;
				SWIFT_ACTIVE_COMPILATION_CONDITIONS = DEBUG;
				SWIFT_OPTIMIZATION_LEVEL = "-Onone";
			};
			name = Debug;
		};
		EFA90FC820AECF3A00FBA83C /* Release */ = {
			isa = XCBuildConfiguration;
			buildSettings = {
				ALWAYS_SEARCH_USER_PATHS = NO;
				CLANG_ANALYZER_NONNULL = YES;
				CLANG_ANALYZER_NUMBER_OBJECT_CONVERSION = YES_AGGRESSIVE;
				CLANG_CXX_LANGUAGE_STANDARD = "gnu++14";
				CLANG_CXX_LIBRARY = "libc++";
				CLANG_ENABLE_MODULES = YES;
				CLANG_ENABLE_OBJC_ARC = YES;
				CLANG_ENABLE_OBJC_WEAK = YES;
				CLANG_WARN_BLOCK_CAPTURE_AUTORELEASING = YES;
				CLANG_WARN_BOOL_CONVERSION = YES;
				CLANG_WARN_COMMA = YES;
				CLANG_WARN_CONSTANT_CONVERSION = YES;
				CLANG_WARN_DEPRECATED_OBJC_IMPLEMENTATIONS = YES;
				CLANG_WARN_DIRECT_OBJC_ISA_USAGE = YES_ERROR;
				CLANG_WARN_DOCUMENTATION_COMMENTS = YES;
				CLANG_WARN_EMPTY_BODY = YES;
				CLANG_WARN_ENUM_CONVERSION = YES;
				CLANG_WARN_INFINITE_RECURSION = YES;
				CLANG_WARN_INT_CONVERSION = YES;
				CLANG_WARN_NON_LITERAL_NULL_CONVERSION = YES;
				CLANG_WARN_OBJC_IMPLICIT_RETAIN_SELF = YES;
				CLANG_WARN_OBJC_LITERAL_CONVERSION = YES;
				CLANG_WARN_OBJC_ROOT_CLASS = YES_ERROR;
				CLANG_WARN_RANGE_LOOP_ANALYSIS = YES;
				CLANG_WARN_STRICT_PROTOTYPES = YES;
				CLANG_WARN_SUSPICIOUS_MOVE = YES;
				CLANG_WARN_UNGUARDED_AVAILABILITY = YES_AGGRESSIVE;
				CLANG_WARN_UNREACHABLE_CODE = YES;
				CLANG_WARN__DUPLICATE_METHOD_MATCH = YES;
				CODE_SIGN_IDENTITY = "iPhone Developer";
				COPY_PHASE_STRIP = NO;
				DEBUG_INFORMATION_FORMAT = "dwarf-with-dsym";
				ENABLE_NS_ASSERTIONS = NO;
				ENABLE_STRICT_OBJC_MSGSEND = YES;
				GCC_C_LANGUAGE_STANDARD = gnu11;
				GCC_NO_COMMON_BLOCKS = YES;
				GCC_WARN_64_TO_32_BIT_CONVERSION = YES;
				GCC_WARN_ABOUT_RETURN_TYPE = YES_ERROR;
				GCC_WARN_UNDECLARED_SELECTOR = YES;
				GCC_WARN_UNINITIALIZED_AUTOS = YES_AGGRESSIVE;
				GCC_WARN_UNUSED_FUNCTION = YES;
				GCC_WARN_UNUSED_VARIABLE = YES;
				IPHONEOS_DEPLOYMENT_TARGET = 11.3;
				MTL_ENABLE_DEBUG_INFO = NO;
				SDKROOT = iphoneos;
				SWIFT_COMPILATION_MODE = wholemodule;
				SWIFT_OPTIMIZATION_LEVEL = "-O";
				VALIDATE_PRODUCT = YES;
			};
			name = Release;
		};
		EFA90FCA20AECF3A00FBA83C /* Debug */ = {
			isa = XCBuildConfiguration;
			baseConfigurationReference = 9DBCDE7556F6BB26C2D46E95 /* Pods-FireBaseDemo.debug.xcconfig */;
			buildSettings = {
				ASSETCATALOG_COMPILER_APPICON_NAME = AppIcon;
				CODE_SIGN_STYLE = Automatic;
				DEVELOPMENT_TEAM = "";
				INFOPLIST_FILE = FireBaseDemo/Info.plist;
				LD_RUNPATH_SEARCH_PATHS = (
					"$(inherited)",
					"@executable_path/Frameworks",
				);
				PRODUCT_BUNDLE_IDENTIFIER = WMAD.FireBaseDemo;
				PRODUCT_NAME = "$(TARGET_NAME)";
				SWIFT_VERSION = 4.0;
				TARGETED_DEVICE_FAMILY = "1,2";
			};
			name = Debug;
		};
		EFA90FCB20AECF3A00FBA83C /* Release */ = {
			isa = XCBuildConfiguration;
			baseConfigurationReference = 4911447FBFF90F76DE2F32F3 /* Pods-FireBaseDemo.release.xcconfig */;
			buildSettings = {
				ASSETCATALOG_COMPILER_APPICON_NAME = AppIcon;
				CODE_SIGN_STYLE = Automatic;
				DEVELOPMENT_TEAM = "";
				INFOPLIST_FILE = FireBaseDemo/Info.plist;
				LD_RUNPATH_SEARCH_PATHS = (
					"$(inherited)",
					"@executable_path/Frameworks",
				);
				PRODUCT_BUNDLE_IDENTIFIER = WMAD.FireBaseDemo;
				PRODUCT_NAME = "$(TARGET_NAME)";
				SWIFT_VERSION = 4.0;
				TARGETED_DEVICE_FAMILY = "1,2";
			};
			name = Release;
		};
/* End XCBuildConfiguration section */

/* Begin XCConfigurationList section */
		EFA90FB220AECF3800FBA83C /* Build configuration list for PBXProject "FireBaseDemo" */ = {
			isa = XCConfigurationList;
			buildConfigurations = (
				EFA90FC720AECF3A00FBA83C /* Debug */,
				EFA90FC820AECF3A00FBA83C /* Release */,
			);
			defaultConfigurationIsVisible = 0;
			defaultConfigurationName = Release;
		};
		EFA90FC920AECF3A00FBA83C /* Build configuration list for PBXNativeTarget "FireBaseDemo" */ = {
			isa = XCConfigurationList;
			buildConfigurations = (
				EFA90FCA20AECF3A00FBA83C /* Debug */,
				EFA90FCB20AECF3A00FBA83C /* Release */,
			);
			defaultConfigurationIsVisible = 0;
			defaultConfigurationName = Release;
		};
/* End XCConfigurationList section */
	};
	rootObject = EFA90FAF20AECF3800FBA83C /* Project object */;
}
